
Microsoft Visual Studio Solution File, Format Version 12.00
# Visual Studio Version 16
VisualStudioVersion = 16.0.29306.81
MinimumVisualStudioVersion = 10.0.40219.1
Project("{FAE04EC0-301F-11D3-BF4B-00C04F79EFBC}") = "BeerShop", "BeerShop\BeerShop.csproj", "{31B2A7BE-A5EB-4726-8253-84B693DC4850}"
EndProject
Global
	GlobalSection(SolutionConfigurationPlatforms) = preSolution
		Debug|Any CPU = Debug|Any CPU
		Release|Any CPU = Release|Any CPU
	EndGlobalSection
	GlobalSection(ProjectConfigurationPlatforms) = postSolution
		{31B2A7BE-A5EB-4726-8253-84B693DC4850}.Debug|Any CPU.ActiveCfg = Debug|Any CPU
		{31B2A7BE-A5EB-4726-8253-84B693DC4850}.Debug|Any CPU.Build.0 = Debug|Any CPU
		{31B2A7BE-A5EB-4726-8253-84B693DC4850}.Release|Any CPU.ActiveCfg = Release|Any CPU
		{31B2A7BE-A5EB-4726-8253-84B693DC4850}.Release|Any CPU.Build.0 = Release|Any CPU
	EndGlobalSection
	GlobalSection(SolutionProperties) = preSolution
		HideSolutionNode = FALSE
	EndGlobalSection
	GlobalSection(ExtensibilityGlobals) = postSolution
		SolutionGuid = {577CF086-ED6C-44FB-A511-C5FED70EA7D8}
	EndGlobalSection
EndGlobal
